// !$*UTF8*$!
{
	archiveVersion = 1;
	classes = {
	};
	objectVersion = 50;
	objects = {

/* Begin PBXBuildFile section */
		D560D1B924C11CD200BB444B /* AppDelegate.swift in Sources */ = {isa = PBXBuildFile; fileRef = D560D1B824C11CD200BB444B /* AppDelegate.swift */; };
		D560D1BB24C11CD200BB444B /* SceneDelegate.swift in Sources */ = {isa = PBXBuildFile; fileRef = D560D1BA24C11CD200BB444B /* SceneDelegate.swift */; };
		D560D1BD24C11CD200BB444B /* ViewController.swift in Sources */ = {isa = PBXBuildFile; fileRef = D560D1BC24C11CD200BB444B /* ViewController.swift */; };
		D560D1C024C11CD200BB444B /* Main.storyboard in Resources */ = {isa = PBXBuildFile; fileRef = D560D1BE24C11CD200BB444B /* Main.storyboard */; };
		D560D1C224C11CD700BB444B /* Assets.xcassets in Resources */ = {isa = PBXBuildFile; fileRef = D560D1C124C11CD700BB444B /* Assets.xcassets */; };
		D560D1C524C11CD700BB444B /* LaunchScreen.storyboard in Resources */ = {isa = PBXBuildFile; fileRef = D560D1C324C11CD700BB444B /* LaunchScreen.storyboard */; };
		D560D1CD24C11D8F00BB444B /* TableCollectionViewCell.swift in Sources */ = {isa = PBXBuildFile; fileRef = D560D1CC24C11D8F00BB444B /* TableCollectionViewCell.swift */; };
		D560D1CF24C11D9800BB444B /* GridCollectionViewCell.swift in Sources */ = {isa = PBXBuildFile; fileRef = D560D1CE24C11D9800BB444B /* GridCollectionViewCell.swift */; };
/* End PBXBuildFile section */

/* Begin PBXFileReference section */
		D560D1B524C11CD200BB444B /* ExampleCollectionView.app */ = {isa = PBXFileReference; explicitFileType = wrapper.application; includeInIndex = 0; path = ExampleCollectionView.app; sourceTree = BUILT_PRODUCTS_DIR; };
		D560D1B824C11CD200BB444B /* AppDelegate.swift */ = {isa = PBXFileReference; lastKnownFileType = sourcecode.swift; path = AppDelegate.swift; sourceTree = "<group>"; };
		D560D1BA24C11CD200BB444B /* SceneDelegate.swift */ = {isa = PBXFileReference; lastKnownFileType = sourcecode.swift; path = SceneDelegate.swift; sourceTree = "<group>"; };
		D560D1BC24C11CD200BB444B /* ViewController.swift */ = {isa = PBXFileReference; lastKnownFileType = sourcecode.swift; path = ViewController.swift; sourceTree = "<group>"; };
		D560D1BF24C11CD200BB444B /* Base */ = {isa = PBXFileReference; lastKnownFileType = file.storyboard; name = Base; path = Base.lproj/Main.storyboard; sourceTree = "<group>"; };
		D560D1C124C11CD700BB444B /* Assets.xcassets */ = {isa = PBXFileReference; lastKnownFileType = folder.assetcatalog; path = Assets.xcassets; sourceTree = "<group>"; };
		D560D1C424C11CD700BB444B /* Base */ = {isa = PBXFileReference; lastKnownFileType = file.storyboard; name = Base; path = Base.lproj/LaunchScreen.storyboard; sourceTree = "<group>"; };
		D560D1C624C11CD700BB444B /* Info.plist */ = {isa = PBXFileReference; lastKnownFileType = text.plist.xml; path = Info.plist; sourceTree = "<group>"; };
		D560D1CC24C11D8F00BB444B /* TableCollectionViewCell.swift */ = {isa = PBXFileReference; lastKnownFileType = sourcecode.swift; path = TableCollectionViewCell.swift; sourceTree = "<group>"; };
		D560D1CE24C11D9800BB444B /* GridCollectionViewCell.swift */ = {isa = PBXFileReference; lastKnownFileType = sourcecode.swift; path = GridCollectionViewCell.swift; sourceTree = "<group>"; };
/* End PBXFileReference section */

/* Begin PBXFrameworksBuildPhase section */
		D560D1B224C11CD200BB444B /* Frameworks */ = {
			isa = PBXFrameworksBuildPhase;
			buildActionMask = 2147483647;
			files = (
			);
			runOnlyForDeploymentPostprocessing = 0;
		};
/* End PBXFrameworksBuildPhase section */

/* Begin PBXGroup section */
		D560D1AC24C11CD200BB444B = {
			isa = PBXGroup;
			children = (
				D560D1B724C11CD200BB444B /* ExampleCollectionView */,
				D560D1B624C11CD200BB444B /* Products */,
			);
			sourceTree = "<group>";
		};
		D560D1B624C11CD200BB444B /* Products */ = {
			isa = PBXGroup;
			children = (
				D560D1B524C11CD200BB444B /* ExampleCollectionView.app */,
			);
			name = Products;
			sourceTree = "<group>";
		};
		D560D1B724C11CD200BB444B /* ExampleCollectionView */ = {
			isa = PBXGroup;
			children = (
				D560D1B824C11CD200BB444B /* AppDelegate.swift */,
				D560D1BA24C11CD200BB444B /* SceneDelegate.swift */,
				D560D1BC24C11CD200BB444B /* ViewController.swift */,
				D560D1CC24C11D8F00BB444B /* TableCollectionViewCell.swift */,
				D560D1CE24C11D9800BB444B /* GridCollectionViewCell.swift */,
				D560D1BE24C11CD200BB444B /* Main.storyboard */,
				D560D1C124C11CD700BB444B /* Assets.xcassets */,
				D560D1C324C11CD700BB444B /* LaunchScreen.storyboard */,
				D560D1C624C11CD700BB444B /* Info.plist */,
			);
			path = ExampleCollectionView;
			sourceTree = "<group>";
		};
/* End PBXGroup section */

/* Begin PBXNativeTarget section */
		D560D1B424C11CD200BB444B /* ExampleCollectionView */ = {
			isa = PBXNativeTarget;
			buildConfigurationList = D560D1C924C11CD700BB444B /* Build configuration list for PBXNativeTarget "ExampleCollectionView" */;
			buildPhases = (
				D560D1B124C11CD200BB444B /* Sources */,
				D560D1B224C11CD200BB444B /* Frameworks */,
				D560D1B324C11CD200BB444B /* Resources */,
			);
			buildRules = (
			);
			dependencies = (
			);
			name = ExampleCollectionView;
			productName = ExampleCollectionView;
			productReference = D560D1B524C11CD200BB444B /* ExampleCollectionView.app */;
			productType = "com.apple.product-type.application";
		};
/* End PBXNativeTarget section */

/* Begin PBXProject section */
		D560D1AD24C11CD200BB444B /* Project object */ = {
			isa = PBXProject;
			attributes = {
				LastSwiftUpdateCheck = 1130;
				LastUpgradeCheck = 1130;
				ORGANIZATIONNAME = aiwiguna;
				TargetAttributes = {
					D560D1B424C11CD200BB444B = {
						CreatedOnToolsVersion = 11.3.1;
					};
				};
			};
			buildConfigurationList = D560D1B024C11CD200BB444B /* Build configuration list for PBXProject "ExampleCollectionView" */;
			compatibilityVersion = "Xcode 9.3";
			developmentRegion = en;
			hasScannedForEncodings = 0;
			knownRegions = (
				en,
				Base,
			);
			mainGroup = D560D1AC24C11CD200BB444B;
			productRefGroup = D560D1B624C11CD200BB444B /* Products */;
			projectDirPath = "";
			projectRoot = "";
			targets = (
				D560D1B424C11CD200BB444B /* ExampleCollectionView */,
			);
		};
/* End PBXProject section */

/* Begin PBXResourcesBuildPhase section */
		D560D1B324C11CD200BB444B /* Resources */ = {
			isa = PBXResourcesBuildPhase;
			buildActionMask = 2147483647;
			files = (
				D560D1C524C11CD700BB444B /* LaunchScreen.storyboard in Resources */,
				D560D1C224C11CD700BB444B /* Assets.xcassets in Resources */,
				D560D1C024C11CD200BB444B /* Main.storyboard in Resources */,
			);
			runOnlyForDeploymentPostprocessing = 0;
		};
/* End PBXResourcesBuildPhase section */

/* Begin PBXSourcesBuildPhase section */
		D560D1B124C11CD200BB444B /* Sources */ = {
			isa = PBXSourcesBuildPhase;
			buildActionMask = 2147483647;
			files = (
				D560D1BD24C11CD200BB444B /* ViewController.swift in Sources */,
				D560D1B924C11CD200BB444B /* AppDelegate.swift in Sources */,
				D560D1BB24C11CD200BB444B /* SceneDelegate.swift in Sources */,
				D560D1CD24C11D8F00BB444B /* TableCollectionViewCell.swift in Sources */,
				D560D1CF24C11D9800BB444B /* GridCollectionViewCell.swift in Sources */,
			);
			runOnlyForDeploymentPostprocessing = 0;
		};
/* End PBXSourcesBuildPhase section */

/* Begin PBXVariantGroup section */
		D560D1BE24C11CD200BB444B /* Main.storyboard */ = {
			isa = PBXVariantGroup;
			children = (
				D560D1BF24C11CD200BB444B /* Base */,
			);
			name = Main.storyboard;
			sourceTree = "<group>";
		};
		D560D1C324C11CD700BB444B /* LaunchScreen.storyboard */ = {
			isa = PBXVariantGroup;
			children = (
				D560D1C424C11CD700BB444B /* Base */,
			);
			name = LaunchScreen.storyboard;
			sourceTree = "<group>";
		};
/* End PBXVariantGroup section */

/* Begin XCBuildConfiguration section */
		D560D1C724C11CD700BB444B /* Debug */ = {
			isa = XCBuildConfiguration;
			buildSettings = {
				ALWAYS_SEARCH_USER_PATHS = NO;
				CLANG_ANALYZER_NONNULL = YES;
				CLANG_ANALYZER_NUMBER_OBJECT_CONVERSION = YES_AGGRESSIVE;
				CLANG_CXX_LANGUAGE_STANDARD = "gnu++14";
				CLANG_CXX_LIBRARY = "libc++";
				CLANG_ENABLE_MODULES = YES;
				CLANG_ENABLE_OBJC_ARC = YES;
				CLANG_ENABLE_OBJC_WEAK = YES;
				CLANG_WARN_BLOCK_CAPTURE_AUTORELEASING = YES;
				CLANG_WARN_BOOL_CONVERSION = YES;
				CLANG_WARN_COMMA = YES;
				CLANG_WARN_CONSTANT_CONVERSION = YES;
				CLANG_WARN_DEPRECATED_OBJC_IMPLEMENTATIONS = YES;
				CLANG_WARN_DIRECT_OBJC_ISA_USAGE = YES_ERROR;
				CLANG_WARN_DOCUMENTATION_COMMENTS = YES;
				CLANG_WARN_EMPTY_BODY = YES;
				CLANG_WARN_ENUM_CONVERSION = YES;
				CLANG_WARN_INFINITE_RECURSION = YES;
				CLANG_WARN_INT_CONVERSION = YES;
				CLANG_WARN_NON_LITERAL_NULL_CONVERSION = YES;
				CLANG_WARN_OBJC_IMPLICIT_RETAIN_SELF = YES;
				CLANG_WARN_OBJC_LITERAL_CONVERSION = YES;
				CLANG_WARN_OBJC_ROOT_CLASS = YES_ERROR;
				CLANG_WARN_RANGE_LOOP_ANALYSIS = YES;
				CLANG_WARN_STRICT_PROTOTYPES = YES;
				CLANG_WARN_SUSPICIOUS_MOVE = YES;
				CLANG_WARN_UNGUARDED_AVAILABILITY = YES_AGGRESSIVE;
				CLANG_WARN_UNREACHABLE_CODE = YES;
				CLANG_WARN__DUPLICATE_METHOD_MATCH = YES;
				COPY_PHASE_STRIP = NO;
				DEBUG_INFORMATION_FORMAT = dwarf;
				ENABLE_STRICT_OBJC_MSGSEND = YES;
				ENABLE_TESTABILITY = YES;
				GCC_C_LANGUAGE_STANDARD = gnu11;
				GCC_DYNAMIC_NO_PIC = NO;
				GCC_NO_COMMON_BLOCKS = YES;
				GCC_OPTIMIZATION_LEVEL = 0;
				GCC_PREPROCESSOR_DEFINITIONS = (
					"DEBUG=1",
					"$(inherited)",
				);
				GCC_WARN_64_TO_32_BIT_CONVERSION = YES;
				GCC_WARN_ABOUT_RETURN_TYPE = YES_ERROR;
				GCC_WARN_UNDECLARED_SELECTOR = YES;
				GCC_WARN_UNINITIALIZED_AUTOS = YES_AGGRESSIVE;
				GCC_WARN_UNUSED_FUNCTION = YES;
				GCC_WARN_UNUSED_VARIABLE = YES;
				IPHONEOS_DEPLOYMENT_TARGET = 13.2;
				MTL_ENABLE_DEBUG_INFO = INCLUDE_SOURCE;
				MTL_FAST_MATH = YES;
				ONLY_ACTIVE_ARCH = YES;
				SDKROOT = iphoneos;
				SWIFT_ACTIVE_COMPILATION_CONDITIONS = DEBUG;
				SWIFT_OPTIMIZATION_LEVEL = "-Onone";
			};
			name = Debug;
		};
		D560D1C824C11CD700BB444B /* Release */ = {
			isa = XCBuildConfiguration;
			buildSettings = {
				ALWAYS_SEARCH_USER_PATHS = NO;
				CLANG_ANALYZER_NONNULL = YES;
				CLANG_ANALYZER_NUMBER_OBJECT_CONVERSION = YES_AGGRESSIVE;
				CLANG_CXX_LANGUAGE_STANDARD = "gnu++14";
				CLANG_CXX_LIBRARY = "libc++";
				CLANG_ENABLE_MODULES = YES;
				CLANG_ENABLE_OBJC_ARC = YES;
				CLANG_ENABLE_OBJC_WEAK = YES;
				CLANG_WARN_BLOCK_CAPTURE_AUTORELEASING = YES;
				CLANG_WARN_BOOL_CONVERSION = YES;
				CLANG_WARN_COMMA = YES;
				CLANG_WARN_CONSTANT_CONVERSION = YES;
				CLANG_WARN_DEPRECATED_OBJC_IMPLEMENTATIONS = YES;
				CLANG_WARN_DIRECT_OBJC_ISA_USAGE = YES_ERROR;
				CLANG_WARN_DOCUMENTATION_COMMENTS = YES;
				CLANG_WARN_EMPTY_BODY = YES;
				CLANG_WARN_ENUM_CONVERSION = YES;
				CLANG_WARN_INFINITE_RECURSION = YES;
				CLANG_WARN_INT_CONVERSION = YES;
				CLANG_WARN_NON_LITERAL_NULL_CONVERSION = YES;
				CLANG_WARN_OBJC_IMPLICIT_RETAIN_SELF = YES;
				CLANG_WARN_OBJC_LITERAL_CONVERSION = YES;
				CLANG_WARN_OBJC_ROOT_CLASS = YES_ERROR;
				CLANG_WARN_RANGE_LOOP_ANALYSIS = YES;
				CLANG_WARN_STRICT_PROTOTYPES = YES;
				CLANG_WARN_SUSPICIOUS_MOVE = YES;
				CLANG_WARN_UNGUARDED_AVAILABILITY = YES_AGGRESSIVE;
				CLANG_WARN_UNREACHABLE_CODE = YES;
				CLANG_WARN__DUPLICATE_METHOD_MATCH = YES;
				COPY_PHASE_STRIP = NO;
				DEBUG_INFORMATION_FORMAT = "dwarf-with-dsym";
				ENABLE_NS_ASSERTIONS = NO;
				ENABLE_STRICT_OBJC_MSGSEND = YES;
				GCC_C_LANGUAGE_STANDARD = gnu11;
				GCC_NO_COMMON_BLOCKS = YES;
				GCC_WARN_64_TO_32_BIT_CONVERSION = YES;
				GCC_WARN_ABOUT_RETURN_TYPE = YES_ERROR;
				GCC_WARN_UNDECLARED_SELECTOR = YES;
				GCC_WARN_UNINITIALIZED_AUTOS = YES_AGGRESSIVE;
				GCC_WARN_UNUSED_FUNCTION = YES;
				GCC_WARN_UNUSED_VARIABLE = YES;
				IPHONEOS_DEPLOYMENT_TARGET = 13.2;
				MTL_ENABLE_DEBUG_INFO = NO;
				MTL_FAST_MATH = YES;
				SDKROOT = iphoneos;
				SWIFT_COMPILATION_MODE = wholemodule;
				SWIFT_OPTIMIZATION_LEVEL = "-O";
				VALIDATE_PRODUCT = YES;
			};
			name = Release;
		};
		D560D1CA24C11CD700BB444B /* Debug */ = {
			isa = XCBuildConfiguration;
			buildSettings = {
				ASSETCATALOG_COMPILER_APPICON_NAME = AppIcon;
				CODE_SIGN_STYLE = Automatic;
				INFOPLIST_FILE = ExampleCollectionView/Info.plist;
				LD_RUNPATH_SEARCH_PATHS = (
					"$(inherited)",
					"@executable_path/Frameworks",
				);
				PRODUCT_BUNDLE_IDENTIFIER = com.aiwiguna.ExampleCollectionView;
				PRODUCT_NAME = "$(TARGET_NAME)";
				SWIFT_VERSION = 5.0;
				TARGETED_DEVICE_FAMILY = "1,2";
			};
			name = Debug;
		};
		D560D1CB24C11CD700BB444B /* Release */ = {
			isa = XCBuildConfiguration;
			buildSettings = {
				ASSETCATALOG_COMPILER_APPICON_NAME = AppIcon;
				CODE_SIGN_STYLE = Automatic;
				INFOPLIST_FILE = ExampleCollectionView/Info.plist;
				LD_RUNPATH_SEARCH_PATHS = (
					"$(inherited)",
					"@executable_path/Frameworks",
				);
				PRODUCT_BUNDLE_IDENTIFIER = com.aiwiguna.ExampleCollectionView;
				PRODUCT_NAME = "$(TARGET_NAME)";
				SWIFT_VERSION = 5.0;
				TARGETED_DEVICE_FAMILY = "1,2";
			};
			name = Release;
		};
/* End XCBuildConfiguration section */

/* Begin XCConfigurationList section */
		D560D1B024C11CD200BB444B /* Build configuration list for PBXProject "ExampleCollectionView" */ = {
			isa = XCConfigurationList;
			buildConfigurations = (
				D560D1C724C11CD700BB444B /* Debug */,
				D560D1C824C11CD700BB444B /* Release */,
			);
			defaultConfigurationIsVisible = 0;
			defaultConfigurationName = Release;
		};
		D560D1C924C11CD700BB444B /* Build configuration list for PBXNativeTarget "ExampleCollectionView" */ = {
			isa = XCConfigurationList;
			buildConfigurations = (
				D560D1CA24C11CD700BB444B /* Debug */,
				D560D1CB24C11CD700BB444B /* Release */,
			);
			defaultConfigurationIsVisible = 0;
			defaultConfigurationName = Release;
		};
/* End XCConfigurationList section */
	};
	rootObject = D560D1AD24C11CD200BB444B /* Project object */;
}
